
Microsoft Visual Studio Solution File, Format Version 12.00
# Visual Studio Version 17
VisualStudioVersion = 17.7.34024.191
MinimumVisualStudioVersion = 10.0.40219.1
Project("{9A19103F-16F7-4668-BE54-9A1E7A4F7556}") = "OpenSilver.Samples.Showcase", "src\OpenSilver.Samples.Showcase.csproj", "{6611D950-1488-4943-AF60-AFBFF1496AF2}"
EndProject
Project("{9A19103F-16F7-4668-BE54-9A1E7A4F7556}") = "OpenSilver.Samples.Showcase.Simulator", "OpenSilver.Samples.Showcase.Simulator\OpenSilver.Samples.Showcase.Simulator.csproj", "{94E461FF-8810-4E0A-A5CA-FB663681F9F3}"
EndProject
Project("{9A19103F-16F7-4668-BE54-9A1E7A4F7556}") = "OpenSilver.Samples.Showcase.Browser", "OpenSilver.Samples.Showcase.Browser\OpenSilver.Samples.Showcase.Browser.csproj", "{A0EA0E2B-0E48-4CC6-8B71-1C048D02D3A9}"
EndProject
Project("{778DAE3C-4631-46EA-AA77-85C1314464D9}") = "OpenSilver.Samples.Showcase", "src\OpenSilver.Samples.Showcase.vbproj", "{879B661C-C043-0347-129C-94534F77A125}"
EndProject
Project("{9A19103F-16F7-4668-BE54-9A1E7A4F7556}") = "OpenSilver.Samples.Showcase.Browser.vb", "OpenSilver.Samples.Showcase.Browser\OpenSilver.Samples.Showcase.Browser.vb.csproj", "{441F926C-FD06-43D9-8ACE-58A7D2251F14}"
EndProject
Project("{9A19103F-16F7-4668-BE54-9A1E7A4F7556}") = "OpenSilver.Samples.Showcase.Simulator.vb", "OpenSilver.Samples.Showcase.Simulator\OpenSilver.Samples.Showcase.Simulator.vb.csproj", "{F3DD95BC-B407-4CA4-8EA6-55F4DEE3D65A}"
EndProject
Project("{2150E333-8FDC-42A3-9474-1A3956D46DE8}") = "C#", "C#", "{119B9FBC-4843-4625-AAD2-1B1411C26E17}"
EndProject
Project("{2150E333-8FDC-42A3-9474-1A3956D46DE8}") = "VB", "VB", "{9AD18E5B-C74C-4363-B2B3-7D0B29F7D2CF}"
EndProject
Project("{2150E333-8FDC-42A3-9474-1A3956D46DE8}") = "F#", "F#", "{B5C67797-9D37-4990-B00E-D0DD1F3725DE}"
EndProject
Project("{6EC3EE1D-3C4E-46DD-8F32-0CC8E7565705}") = "OpenSilver.Samples.Showcase", "src\OpenSilver.Samples.Showcase.fsproj", "{4110A081-5524-4A69-8244-8065E1841B2D}"
EndProject
Project("{9A19103F-16F7-4668-BE54-9A1E7A4F7556}") = "OpenSilver.Samples.Showcase.Simulator.fs", "OpenSilver.Samples.Showcase.Simulator\OpenSilver.Samples.Showcase.Simulator.fs.csproj", "{1EB57F2E-2B23-46E6-9C15-08433222F444}"
EndProject
Project("{9A19103F-16F7-4668-BE54-9A1E7A4F7556}") = "OpenSilver.Samples.Showcase.Browser.fs", "OpenSilver.Samples.Showcase.Browser\OpenSilver.Samples.Showcase.Browser.fs.csproj", "{A1FCF43B-99E1-4387-AA9B-A92D16F2E92E}"
EndProject
Project("{FAE04EC0-301F-11D3-BF4B-00C04F79EFBC}") = "OpenSilver.Samples.Showcase.MauiHybrid", "OpenSilver.Samples.Showcase.MauiHybrid\OpenSilver.Samples.Showcase.MauiHybrid.csproj", "{38341787-EF8D-7D12-1752-F3E105279816}"
EndProject
Global
	GlobalSection(SolutionConfigurationPlatforms) = preSolution
		Debug|Any CPU = Debug|Any CPU
		Release|Any CPU = Release|Any CPU
	EndGlobalSection
	GlobalSection(ProjectConfigurationPlatforms) = postSolution
		{6611D950-1488-4943-AF60-AFBFF1496AF2}.Debug|Any CPU.ActiveCfg = Debug|Any CPU
		{6611D950-1488-4943-AF60-AFBFF1496AF2}.Debug|Any CPU.Build.0 = Debug|Any CPU
		{6611D950-1488-4943-AF60-AFBFF1496AF2}.Release|Any CPU.ActiveCfg = Release|Any CPU
		{6611D950-1488-4943-AF60-AFBFF1496AF2}.Release|Any CPU.Build.0 = Release|Any CPU
		{94E461FF-8810-4E0A-A5CA-FB663681F9F3}.Debug|Any CPU.ActiveCfg = Debug|Any CPU
		{94E461FF-8810-4E0A-A5CA-FB663681F9F3}.Debug|Any CPU.Build.0 = Debug|Any CPU
		{94E461FF-8810-4E0A-A5CA-FB663681F9F3}.Release|Any CPU.ActiveCfg = Release|Any CPU
		{94E461FF-8810-4E0A-A5CA-FB663681F9F3}.Release|Any CPU.Build.0 = Release|Any CPU
		{A0EA0E2B-0E48-4CC6-8B71-1C048D02D3A9}.Debug|Any CPU.ActiveCfg = Debug|Any CPU
		{A0EA0E2B-0E48-4CC6-8B71-1C048D02D3A9}.Debug|Any CPU.Build.0 = Debug|Any CPU
		{A0EA0E2B-0E48-4CC6-8B71-1C048D02D3A9}.Release|Any CPU.ActiveCfg = Release|Any CPU
		{A0EA0E2B-0E48-4CC6-8B71-1C048D02D3A9}.Release|Any CPU.Build.0 = Release|Any CPU
		{879B661C-C043-0347-129C-94534F77A125}.Debug|Any CPU.ActiveCfg = Debug|Any CPU
		{879B661C-C043-0347-129C-94534F77A125}.Debug|Any CPU.Build.0 = Debug|Any CPU
		{879B661C-C043-0347-129C-94534F77A125}.Release|Any CPU.ActiveCfg = Release|Any CPU
		{879B661C-C043-0347-129C-94534F77A125}.Release|Any CPU.Build.0 = Release|Any CPU
		{441F926C-FD06-43D9-8ACE-58A7D2251F14}.Debug|Any CPU.ActiveCfg = Debug|Any CPU
		{441F926C-FD06-43D9-8ACE-58A7D2251F14}.Debug|Any CPU.Build.0 = Debug|Any CPU
		{441F926C-FD06-43D9-8ACE-58A7D2251F14}.Release|Any CPU.ActiveCfg = Release|Any CPU
		{441F926C-FD06-43D9-8ACE-58A7D2251F14}.Release|Any CPU.Build.0 = Release|Any CPU
		{F3DD95BC-B407-4CA4-8EA6-55F4DEE3D65A}.Debug|Any CPU.ActiveCfg = Debug|Any CPU
		{F3DD95BC-B407-4CA4-8EA6-55F4DEE3D65A}.Debug|Any CPU.Build.0 = Debug|Any CPU
		{F3DD95BC-B407-4CA4-8EA6-55F4DEE3D65A}.Release|Any CPU.ActiveCfg = Release|Any CPU
		{F3DD95BC-B407-4CA4-8EA6-55F4DEE3D65A}.Release|Any CPU.Build.0 = Release|Any CPU
		{4110A081-5524-4A69-8244-8065E1841B2D}.Debug|Any CPU.ActiveCfg = Debug|Any CPU
		{4110A081-5524-4A69-8244-8065E1841B2D}.Debug|Any CPU.Build.0 = Debug|Any CPU
		{4110A081-5524-4A69-8244-8065E1841B2D}.Release|Any CPU.ActiveCfg = Release|Any CPU
		{4110A081-5524-4A69-8244-8065E1841B2D}.Release|Any CPU.Build.0 = Release|Any CPU
		{1EB57F2E-2B23-46E6-9C15-08433222F444}.Debug|Any CPU.ActiveCfg = Debug|Any CPU
		{1EB57F2E-2B23-46E6-9C15-08433222F444}.Debug|Any CPU.Build.0 = Debug|Any CPU
		{1EB57F2E-2B23-46E6-9C15-08433222F444}.Release|Any CPU.ActiveCfg = Release|Any CPU
		{1EB57F2E-2B23-46E6-9C15-08433222F444}.Release|Any CPU.Build.0 = Release|Any CPU
		{A1FCF43B-99E1-4387-AA9B-A92D16F2E92E}.Debug|Any CPU.ActiveCfg = Debug|Any CPU
		{A1FCF43B-99E1-4387-AA9B-A92D16F2E92E}.Debug|Any CPU.Build.0 = Debug|Any CPU
		{A1FCF43B-99E1-4387-AA9B-A92D16F2E92E}.Release|Any CPU.ActiveCfg = Release|Any CPU
		{A1FCF43B-99E1-4387-AA9B-A92D16F2E92E}.Release|Any CPU.Build.0 = Release|Any CPU
		{38341787-EF8D-7D12-1752-F3E105279816}.Debug|Any CPU.ActiveCfg = Debug|Any CPU
		{38341787-EF8D-7D12-1752-F3E105279816}.Debug|Any CPU.Build.0 = Debug|Any CPU
		{38341787-EF8D-7D12-1752-F3E105279816}.Release|Any CPU.ActiveCfg = Release|Any CPU
		{38341787-EF8D-7D12-1752-F3E105279816}.Release|Any CPU.Build.0 = Release|Any CPU
	EndGlobalSection
	GlobalSection(SolutionProperties) = preSolution
		HideSolutionNode = FALSE
	EndGlobalSection
	GlobalSection(NestedProjects) = preSolution
		{6611D950-1488-4943-AF60-AFBFF1496AF2} = {119B9FBC-4843-4625-AAD2-1B1411C26E17}
		{94E461FF-8810-4E0A-A5CA-FB663681F9F3} = {119B9FBC-4843-4625-AAD2-1B1411C26E17}
		{A0EA0E2B-0E48-4CC6-8B71-1C048D02D3A9} = {119B9FBC-4843-4625-AAD2-1B1411C26E17}
		{879B661C-C043-0347-129C-94534F77A125} = {9AD18E5B-C74C-4363-B2B3-7D0B29F7D2CF}
		{441F926C-FD06-43D9-8ACE-58A7D2251F14} = {9AD18E5B-C74C-4363-B2B3-7D0B29F7D2CF}
		{F3DD95BC-B407-4CA4-8EA6-55F4DEE3D65A} = {9AD18E5B-C74C-4363-B2B3-7D0B29F7D2CF}
		{4110A081-5524-4A69-8244-8065E1841B2D} = {B5C67797-9D37-4990-B00E-D0DD1F3725DE}
		{1EB57F2E-2B23-46E6-9C15-08433222F444} = {B5C67797-9D37-4990-B00E-D0DD1F3725DE}
		{A1FCF43B-99E1-4387-AA9B-A92D16F2E92E} = {B5C67797-9D37-4990-B00E-D0DD1F3725DE}
		{38341787-EF8D-7D12-1752-F3E105279816} = {119B9FBC-4843-4625-AAD2-1B1411C26E17}
	EndGlobalSection
	GlobalSection(ExtensibilityGlobals) = postSolution
		SolutionGuid = {487C6C1E-8943-483B-89FE-84ACF0ECB68D}
	EndGlobalSection
EndGlobal
