
Microsoft Visual Studio Solution File, Format Version 12.00
# Visual Studio Version 17
VisualStudioVersion = 17.14.36616.10 d17.14
MinimumVisualStudioVersion = 10.0.40219.1
Project("{FAE04EC0-301F-11D3-BF4B-00C04F79EFBC}") = "OpenSilver.Samples.Showcase_WithBlazor", "OpenSilver.Samples.Showcase_WithBlazor.csproj", "{12B91340-079B-F319-9DEC-3B232A2E9CF1}"
EndProject
Global
	GlobalSection(SolutionConfigurationPlatforms) = preSolution
		Debug|Any CPU = Debug|Any CPU
		Release|Any CPU = Release|Any CPU
	EndGlobalSection
	GlobalSection(ProjectConfigurationPlatforms) = postSolution
		{12B91340-079B-F319-9DEC-3B232A2E9CF1}.Debug|Any CPU.ActiveCfg = Debug|Any CPU
		{12B91340-079B-F319-9DEC-3B232A2E9CF1}.Debug|Any CPU.Build.0 = Debug|Any CPU
		{12B91340-079B-F319-9DEC-3B232A2E9CF1}.Release|Any CPU.ActiveCfg = Release|Any CPU
		{12B91340-079B-F319-9DEC-3B232A2E9CF1}.Release|Any CPU.Build.0 = Release|Any CPU
	EndGlobalSection
	GlobalSection(SolutionProperties) = preSolution
		HideSolutionNode = FALSE
	EndGlobalSection
	GlobalSection(ExtensibilityGlobals) = postSolution
		SolutionGuid = {63E292E4-E74A-44CF-B05F-E192545339D1}
	EndGlobalSection
EndGlobal
